
Microsoft Visual Studio Solution File, Format Version 12.00
Project("{2150E333-8FDC-42A3-9474-1A3956D46DE8}") = "Services", "Services", "{03979C3C-491C-4BD4-9742-46A02204CB31}"
EndProject
Project("{2150E333-8FDC-42A3-9474-1A3956D46DE8}") = "CatalogService", "CatalogService", "{9B8A52B7-DE9F-43F2-839F-5EDF29C73449}"
EndProject
Project("{FAE04EC0-301F-11D3-BF4B-00C04F79EFBC}") = "CatalogService.API", "src\services\CatalogService\CatalogService.API\CatalogService.API.csproj", "{9E82074A-F9E5-4AF0-950E-E4B05A7E7110}"
EndProject
Project("{2150E333-8FDC-42A3-9474-1A3956D46DE8}") = "BuildingBlocks", "BuildingBlocks", "{547B2BB0-AEC6-42EB-A248-4D8D7369956A}"
EndProject
Project("{FAE04EC0-301F-11D3-BF4B-00C04F79EFBC}") = "BuildingBlocks", "src\BuildingBlocks\BuildingBlocks\BuildingBlocks.csproj", "{7DD63B72-77BB-4FC4-B68E-4045EE7BD73C}"
EndProject
Project("{FAE04EC0-301F-11D3-BF4B-00C04F79EFBC}") = "SharedKernel", "src\BuildingBlocks\SharedKernel\SharedKernel.csproj", "{14E60303-29D7-41DF-BCA7-EC6DE5D0550D}"
EndProject
Project("{FAE04EC0-301F-11D3-BF4B-00C04F79EFBC}") = "EventBus", "src\BuildingBlocks\EventBus\EventBus.csproj", "{96FE51F8-0CAA-4065-8A1A-F0854253EF30}"
EndProject
Project("{2150E333-8FDC-42A3-9474-1A3956D46DE8}") = "BasketService", "BasketService", "{97CE1037-CAA6-34E4-AE5D-A2F2270CDE42}"
EndProject
Project("{FAE04EC0-301F-11D3-BF4B-00C04F79EFBC}") = "BasketService.API", "src\Services\BasketService\BasketService.API\BasketService.API.csproj", "{84FFB7CC-B24B-4ED0-82B3-87F687401FC8}"
EndProject
Project("{2150E333-8FDC-42A3-9474-1A3956D46DE8}") = "DiscountService", "DiscountService", "{7327FA22-9C50-4497-9093-477E9691E793}"
EndProject
Project("{FAE04EC0-301F-11D3-BF4B-00C04F79EFBC}") = "Discount.Grpc", "src\Services\DiscountService\Discount.Grpc\Discount.Grpc.csproj", "{6983FDCD-BF1C-4F38-A062-CDFCA74E0C8B}"
EndProject
Project("{2150E333-8FDC-42A3-9474-1A3956D46DE8}") = "OrderService", "OrderService", "{BEB6673A-E744-466A-AB15-7181959B5019}"
EndProject
Project("{FAE04EC0-301F-11D3-BF4B-00C04F79EFBC}") = "Order.API", "src\Services\OrderService\Order.API\Order.API.csproj", "{20317C86-3FB7-4561-B4AD-D8D52C809D84}"
EndProject
Project("{FAE04EC0-301F-11D3-BF4B-00C04F79EFBC}") = "Order.Domain", "src\Services\OrderService\Order.Domain\Order.Domain.csproj", "{F70B5A72-B9B4-49D5-9F6B-839BB2F5ACEE}"
EndProject
Project("{FAE04EC0-301F-11D3-BF4B-00C04F79EFBC}") = "Order.Application", "src\Services\OrderService\Order.Application\Order.Application.csproj", "{4777BD7F-7575-4679-A15E-1206DE8C6F37}"
EndProject
Project("{FAE04EC0-301F-11D3-BF4B-00C04F79EFBC}") = "Order.Infrastructure", "src\Services\OrderService\Order.Infrastructure\Order.Infrastructure.csproj", "{0BE7DBAD-399A-4D61-911B-D8B3F325CE00}"
EndProject
Project("{FAE04EC0-301F-11D3-BF4B-00C04F79EFBC}") = "Messaging", "src\BuildingBlocks\Messaging\Messaging.csproj", "{DACAC687-2B97-4BBF-A20F-4E33F8614380}"
EndProject
Project("{2150E333-8FDC-42A3-9474-1A3956D46DE8}") = "ApiGateway", "ApiGateway", "{25D181DD-5CC9-F0B3-C64F-91E1AA77FD70}"
EndProject
Project("{FAE04EC0-301F-11D3-BF4B-00C04F79EFBC}") = "ApiGateway", "src\ApiGateway\ApiGateway\ApiGateway.csproj", "{4C6DD33C-67F5-49E2-88B3-50DD1FA13364}"
EndProject
Global
	GlobalSection(SolutionConfigurationPlatforms) = preSolution
		Debug|Any CPU = Debug|Any CPU
		Debug|x64 = Debug|x64
		Debug|x86 = Debug|x86
		Release|Any CPU = Release|Any CPU
		Release|x64 = Release|x64
		Release|x86 = Release|x86
	EndGlobalSection
	GlobalSection(ProjectConfigurationPlatforms) = postSolution
		{9E82074A-F9E5-4AF0-950E-E4B05A7E7110}.Debug|Any CPU.ActiveCfg = Debug|Any CPU
		{9E82074A-F9E5-4AF0-950E-E4B05A7E7110}.Debug|Any CPU.Build.0 = Debug|Any CPU
		{9E82074A-F9E5-4AF0-950E-E4B05A7E7110}.Debug|x64.ActiveCfg = Debug|Any CPU
		{9E82074A-F9E5-4AF0-950E-E4B05A7E7110}.Debug|x64.Build.0 = Debug|Any CPU
		{9E82074A-F9E5-4AF0-950E-E4B05A7E7110}.Debug|x86.ActiveCfg = Debug|Any CPU
		{9E82074A-F9E5-4AF0-950E-E4B05A7E7110}.Debug|x86.Build.0 = Debug|Any CPU
		{9E82074A-F9E5-4AF0-950E-E4B05A7E7110}.Release|Any CPU.ActiveCfg = Release|Any CPU
		{9E82074A-F9E5-4AF0-950E-E4B05A7E7110}.Release|Any CPU.Build.0 = Release|Any CPU
		{9E82074A-F9E5-4AF0-950E-E4B05A7E7110}.Release|x64.ActiveCfg = Release|Any CPU
		{9E82074A-F9E5-4AF0-950E-E4B05A7E7110}.Release|x64.Build.0 = Release|Any CPU
		{9E82074A-F9E5-4AF0-950E-E4B05A7E7110}.Release|x86.ActiveCfg = Release|Any CPU
		{9E82074A-F9E5-4AF0-950E-E4B05A7E7110}.Release|x86.Build.0 = Release|Any CPU
		{7DD63B72-77BB-4FC4-B68E-4045EE7BD73C}.Debug|Any CPU.ActiveCfg = Debug|Any CPU
		{7DD63B72-77BB-4FC4-B68E-4045EE7BD73C}.Debug|Any CPU.Build.0 = Debug|Any CPU
		{7DD63B72-77BB-4FC4-B68E-4045EE7BD73C}.Debug|x64.ActiveCfg = Debug|Any CPU
		{7DD63B72-77BB-4FC4-B68E-4045EE7BD73C}.Debug|x64.Build.0 = Debug|Any CPU
		{7DD63B72-77BB-4FC4-B68E-4045EE7BD73C}.Debug|x86.ActiveCfg = Debug|Any CPU
		{7DD63B72-77BB-4FC4-B68E-4045EE7BD73C}.Debug|x86.Build.0 = Debug|Any CPU
		{7DD63B72-77BB-4FC4-B68E-4045EE7BD73C}.Release|Any CPU.ActiveCfg = Release|Any CPU
		{7DD63B72-77BB-4FC4-B68E-4045EE7BD73C}.Release|Any CPU.Build.0 = Release|Any CPU
		{7DD63B72-77BB-4FC4-B68E-4045EE7BD73C}.Release|x64.ActiveCfg = Release|Any CPU
		{7DD63B72-77BB-4FC4-B68E-4045EE7BD73C}.Release|x64.Build.0 = Release|Any CPU
		{7DD63B72-77BB-4FC4-B68E-4045EE7BD73C}.Release|x86.ActiveCfg = Release|Any CPU
		{7DD63B72-77BB-4FC4-B68E-4045EE7BD73C}.Release|x86.Build.0 = Release|Any CPU
		{14E60303-29D7-41DF-BCA7-EC6DE5D0550D}.Debug|Any CPU.ActiveCfg = Debug|Any CPU
		{14E60303-29D7-41DF-BCA7-EC6DE5D0550D}.Debug|Any CPU.Build.0 = Debug|Any CPU
		{14E60303-29D7-41DF-BCA7-EC6DE5D0550D}.Debug|x64.ActiveCfg = Debug|Any CPU
		{14E60303-29D7-41DF-BCA7-EC6DE5D0550D}.Debug|x64.Build.0 = Debug|Any CPU
		{14E60303-29D7-41DF-BCA7-EC6DE5D0550D}.Debug|x86.ActiveCfg = Debug|Any CPU
		{14E60303-29D7-41DF-BCA7-EC6DE5D0550D}.Debug|x86.Build.0 = Debug|Any CPU
		{14E60303-29D7-41DF-BCA7-EC6DE5D0550D}.Release|Any CPU.ActiveCfg = Release|Any CPU
		{14E60303-29D7-41DF-BCA7-EC6DE5D0550D}.Release|Any CPU.Build.0 = Release|Any CPU
		{14E60303-29D7-41DF-BCA7-EC6DE5D0550D}.Release|x64.ActiveCfg = Release|Any CPU
		{14E60303-29D7-41DF-BCA7-EC6DE5D0550D}.Release|x64.Build.0 = Release|Any CPU
		{14E60303-29D7-41DF-BCA7-EC6DE5D0550D}.Release|x86.ActiveCfg = Release|Any CPU
		{14E60303-29D7-41DF-BCA7-EC6DE5D0550D}.Release|x86.Build.0 = Release|Any CPU
		{96FE51F8-0CAA-4065-8A1A-F0854253EF30}.Debug|Any CPU.ActiveCfg = Debug|Any CPU
		{96FE51F8-0CAA-4065-8A1A-F0854253EF30}.Debug|Any CPU.Build.0 = Debug|Any CPU
		{96FE51F8-0CAA-4065-8A1A-F0854253EF30}.Debug|x64.ActiveCfg = Debug|Any CPU
		{96FE51F8-0CAA-4065-8A1A-F0854253EF30}.Debug|x64.Build.0 = Debug|Any CPU
		{96FE51F8-0CAA-4065-8A1A-F0854253EF30}.Debug|x86.ActiveCfg = Debug|Any CPU
		{96FE51F8-0CAA-4065-8A1A-F0854253EF30}.Debug|x86.Build.0 = Debug|Any CPU
		{96FE51F8-0CAA-4065-8A1A-F0854253EF30}.Release|Any CPU.ActiveCfg = Release|Any CPU
		{96FE51F8-0CAA-4065-8A1A-F0854253EF30}.Release|Any CPU.Build.0 = Release|Any CPU
		{96FE51F8-0CAA-4065-8A1A-F0854253EF30}.Release|x64.ActiveCfg = Release|Any CPU
		{96FE51F8-0CAA-4065-8A1A-F0854253EF30}.Release|x64.Build.0 = Release|Any CPU
		{96FE51F8-0CAA-4065-8A1A-F0854253EF30}.Release|x86.ActiveCfg = Release|Any CPU
		{96FE51F8-0CAA-4065-8A1A-F0854253EF30}.Release|x86.Build.0 = Release|Any CPU
		{84FFB7CC-B24B-4ED0-82B3-87F687401FC8}.Debug|Any CPU.ActiveCfg = Debug|Any CPU
		{84FFB7CC-B24B-4ED0-82B3-87F687401FC8}.Debug|Any CPU.Build.0 = Debug|Any CPU
		{84FFB7CC-B24B-4ED0-82B3-87F687401FC8}.Debug|x64.ActiveCfg = Debug|Any CPU
		{84FFB7CC-B24B-4ED0-82B3-87F687401FC8}.Debug|x64.Build.0 = Debug|Any CPU
		{84FFB7CC-B24B-4ED0-82B3-87F687401FC8}.Debug|x86.ActiveCfg = Debug|Any CPU
		{84FFB7CC-B24B-4ED0-82B3-87F687401FC8}.Debug|x86.Build.0 = Debug|Any CPU
		{84FFB7CC-B24B-4ED0-82B3-87F687401FC8}.Release|Any CPU.ActiveCfg = Release|Any CPU
		{84FFB7CC-B24B-4ED0-82B3-87F687401FC8}.Release|Any CPU.Build.0 = Release|Any CPU
		{84FFB7CC-B24B-4ED0-82B3-87F687401FC8}.Release|x64.ActiveCfg = Release|Any CPU
		{84FFB7CC-B24B-4ED0-82B3-87F687401FC8}.Release|x64.Build.0 = Release|Any CPU
		{84FFB7CC-B24B-4ED0-82B3-87F687401FC8}.Release|x86.ActiveCfg = Release|Any CPU
		{84FFB7CC-B24B-4ED0-82B3-87F687401FC8}.Release|x86.Build.0 = Release|Any CPU
		{6983FDCD-BF1C-4F38-A062-CDFCA74E0C8B}.Debug|Any CPU.ActiveCfg = Debug|Any CPU
		{6983FDCD-BF1C-4F38-A062-CDFCA74E0C8B}.Debug|Any CPU.Build.0 = Debug|Any CPU
		{6983FDCD-BF1C-4F38-A062-CDFCA74E0C8B}.Debug|x64.ActiveCfg = Debug|Any CPU
		{6983FDCD-BF1C-4F38-A062-CDFCA74E0C8B}.Debug|x64.Build.0 = Debug|Any CPU
		{6983FDCD-BF1C-4F38-A062-CDFCA74E0C8B}.Debug|x86.ActiveCfg = Debug|Any CPU
		{6983FDCD-BF1C-4F38-A062-CDFCA74E0C8B}.Debug|x86.Build.0 = Debug|Any CPU
		{6983FDCD-BF1C-4F38-A062-CDFCA74E0C8B}.Release|Any CPU.ActiveCfg = Release|Any CPU
		{6983FDCD-BF1C-4F38-A062-CDFCA74E0C8B}.Release|Any CPU.Build.0 = Release|Any CPU
		{6983FDCD-BF1C-4F38-A062-CDFCA74E0C8B}.Release|x64.ActiveCfg = Release|Any CPU
		{6983FDCD-BF1C-4F38-A062-CDFCA74E0C8B}.Release|x64.Build.0 = Release|Any CPU
		{6983FDCD-BF1C-4F38-A062-CDFCA74E0C8B}.Release|x86.ActiveCfg = Release|Any CPU
		{6983FDCD-BF1C-4F38-A062-CDFCA74E0C8B}.Release|x86.Build.0 = Release|Any CPU
		{20317C86-3FB7-4561-B4AD-D8D52C809D84}.Debug|Any CPU.ActiveCfg = Debug|Any CPU
		{20317C86-3FB7-4561-B4AD-D8D52C809D84}.Debug|Any CPU.Build.0 = Debug|Any CPU
		{20317C86-3FB7-4561-B4AD-D8D52C809D84}.Debug|x64.ActiveCfg = Debug|Any CPU
		{20317C86-3FB7-4561-B4AD-D8D52C809D84}.Debug|x64.Build.0 = Debug|Any CPU
		{20317C86-3FB7-4561-B4AD-D8D52C809D84}.Debug|x86.ActiveCfg = Debug|Any CPU
		{20317C86-3FB7-4561-B4AD-D8D52C809D84}.Debug|x86.Build.0 = Debug|Any CPU
		{20317C86-3FB7-4561-B4AD-D8D52C809D84}.Release|Any CPU.ActiveCfg = Release|Any CPU
		{20317C86-3FB7-4561-B4AD-D8D52C809D84}.Release|Any CPU.Build.0 = Release|Any CPU
		{20317C86-3FB7-4561-B4AD-D8D52C809D84}.Release|x64.ActiveCfg = Release|Any CPU
		{20317C86-3FB7-4561-B4AD-D8D52C809D84}.Release|x64.Build.0 = Release|Any CPU
		{20317C86-3FB7-4561-B4AD-D8D52C809D84}.Release|x86.ActiveCfg = Release|Any CPU
		{20317C86-3FB7-4561-B4AD-D8D52C809D84}.Release|x86.Build.0 = Release|Any CPU
		{F70B5A72-B9B4-49D5-9F6B-839BB2F5ACEE}.Debug|Any CPU.ActiveCfg = Debug|Any CPU
		{F70B5A72-B9B4-49D5-9F6B-839BB2F5ACEE}.Debug|Any CPU.Build.0 = Debug|Any CPU
		{F70B5A72-B9B4-49D5-9F6B-839BB2F5ACEE}.Debug|x64.ActiveCfg = Debug|Any CPU
		{F70B5A72-B9B4-49D5-9F6B-839BB2F5ACEE}.Debug|x64.Build.0 = Debug|Any CPU
		{F70B5A72-B9B4-49D5-9F6B-839BB2F5ACEE}.Debug|x86.ActiveCfg = Debug|Any CPU
		{F70B5A72-B9B4-49D5-9F6B-839BB2F5ACEE}.Debug|x86.Build.0 = Debug|Any CPU
		{F70B5A72-B9B4-49D5-9F6B-839BB2F5ACEE}.Release|Any CPU.ActiveCfg = Release|Any CPU
		{F70B5A72-B9B4-49D5-9F6B-839BB2F5ACEE}.Release|Any CPU.Build.0 = Release|Any CPU
		{F70B5A72-B9B4-49D5-9F6B-839BB2F5ACEE}.Release|x64.ActiveCfg = Release|Any CPU
		{F70B5A72-B9B4-49D5-9F6B-839BB2F5ACEE}.Release|x64.Build.0 = Release|Any CPU
		{F70B5A72-B9B4-49D5-9F6B-839BB2F5ACEE}.Release|x86.ActiveCfg = Release|Any CPU
		{F70B5A72-B9B4-49D5-9F6B-839BB2F5ACEE}.Release|x86.Build.0 = Release|Any CPU
		{4777BD7F-7575-4679-A15E-1206DE8C6F37}.Debug|Any CPU.ActiveCfg = Debug|Any CPU
		{4777BD7F-7575-4679-A15E-1206DE8C6F37}.Debug|Any CPU.Build.0 = Debug|Any CPU
		{4777BD7F-7575-4679-A15E-1206DE8C6F37}.Debug|x64.ActiveCfg = Debug|Any CPU
		{4777BD7F-7575-4679-A15E-1206DE8C6F37}.Debug|x64.Build.0 = Debug|Any CPU
		{4777BD7F-7575-4679-A15E-1206DE8C6F37}.Debug|x86.ActiveCfg = Debug|Any CPU
		{4777BD7F-7575-4679-A15E-1206DE8C6F37}.Debug|x86.Build.0 = Debug|Any CPU
		{4777BD7F-7575-4679-A15E-1206DE8C6F37}.Release|Any CPU.ActiveCfg = Release|Any CPU
		{4777BD7F-7575-4679-A15E-1206DE8C6F37}.Release|Any CPU.Build.0 = Release|Any CPU
		{4777BD7F-7575-4679-A15E-1206DE8C6F37}.Release|x64.ActiveCfg = Release|Any CPU
		{4777BD7F-7575-4679-A15E-1206DE8C6F37}.Release|x64.Build.0 = Release|Any CPU
		{4777BD7F-7575-4679-A15E-1206DE8C6F37}.Release|x86.ActiveCfg = Release|Any CPU
		{4777BD7F-7575-4679-A15E-1206DE8C6F37}.Release|x86.Build.0 = Release|Any CPU
		{0BE7DBAD-399A-4D61-911B-D8B3F325CE00}.Debug|Any CPU.ActiveCfg = Debug|Any CPU
		{0BE7DBAD-399A-4D61-911B-D8B3F325CE00}.Debug|Any CPU.Build.0 = Debug|Any CPU
		{0BE7DBAD-399A-4D61-911B-D8B3F325CE00}.Debug|x64.ActiveCfg = Debug|Any CPU
		{0BE7DBAD-399A-4D61-911B-D8B3F325CE00}.Debug|x64.Build.0 = Debug|Any CPU
		{0BE7DBAD-399A-4D61-911B-D8B3F325CE00}.Debug|x86.ActiveCfg = Debug|Any CPU
		{0BE7DBAD-399A-4D61-911B-D8B3F325CE00}.Debug|x86.Build.0 = Debug|Any CPU
		{0BE7DBAD-399A-4D61-911B-D8B3F325CE00}.Release|Any CPU.ActiveCfg = Release|Any CPU
		{0BE7DBAD-399A-4D61-911B-D8B3F325CE00}.Release|Any CPU.Build.0 = Release|Any CPU
		{0BE7DBAD-399A-4D61-911B-D8B3F325CE00}.Release|x64.ActiveCfg = Release|Any CPU
		{0BE7DBAD-399A-4D61-911B-D8B3F325CE00}.Release|x64.Build.0 = Release|Any CPU
		{0BE7DBAD-399A-4D61-911B-D8B3F325CE00}.Release|x86.ActiveCfg = Release|Any CPU
		{0BE7DBAD-399A-4D61-911B-D8B3F325CE00}.Release|x86.Build.0 = Release|Any CPU
		{DACAC687-2B97-4BBF-A20F-4E33F8614380}.Debug|Any CPU.ActiveCfg = Debug|Any CPU
		{DACAC687-2B97-4BBF-A20F-4E33F8614380}.Debug|Any CPU.Build.0 = Debug|Any CPU
		{DACAC687-2B97-4BBF-A20F-4E33F8614380}.Debug|x64.ActiveCfg = Debug|Any CPU
		{DACAC687-2B97-4BBF-A20F-4E33F8614380}.Debug|x64.Build.0 = Debug|Any CPU
		{DACAC687-2B97-4BBF-A20F-4E33F8614380}.Debug|x86.ActiveCfg = Debug|Any CPU
		{DACAC687-2B97-4BBF-A20F-4E33F8614380}.Debug|x86.Build.0 = Debug|Any CPU
		{DACAC687-2B97-4BBF-A20F-4E33F8614380}.Release|Any CPU.ActiveCfg = Release|Any CPU
		{DACAC687-2B97-4BBF-A20F-4E33F8614380}.Release|Any CPU.Build.0 = Release|Any CPU
		{DACAC687-2B97-4BBF-A20F-4E33F8614380}.Release|x64.ActiveCfg = Release|Any CPU
		{DACAC687-2B97-4BBF-A20F-4E33F8614380}.Release|x64.Build.0 = Release|Any CPU
		{DACAC687-2B97-4BBF-A20F-4E33F8614380}.Release|x86.ActiveCfg = Release|Any CPU
		{DACAC687-2B97-4BBF-A20F-4E33F8614380}.Release|x86.Build.0 = Release|Any CPU
		{4C6DD33C-67F5-49E2-88B3-50DD1FA13364}.Debug|Any CPU.ActiveCfg = Debug|Any CPU
		{4C6DD33C-67F5-49E2-88B3-50DD1FA13364}.Debug|Any CPU.Build.0 = Debug|Any CPU
		{4C6DD33C-67F5-49E2-88B3-50DD1FA13364}.Debug|x64.ActiveCfg = Debug|Any CPU
		{4C6DD33C-67F5-49E2-88B3-50DD1FA13364}.Debug|x64.Build.0 = Debug|Any CPU
		{4C6DD33C-67F5-49E2-88B3-50DD1FA13364}.Debug|x86.ActiveCfg = Debug|Any CPU
		{4C6DD33C-67F5-49E2-88B3-50DD1FA13364}.Debug|x86.Build.0 = Debug|Any CPU
		{4C6DD33C-67F5-49E2-88B3-50DD1FA13364}.Release|Any CPU.ActiveCfg = Release|Any CPU
		{4C6DD33C-67F5-49E2-88B3-50DD1FA13364}.Release|Any CPU.Build.0 = Release|Any CPU
		{4C6DD33C-67F5-49E2-88B3-50DD1FA13364}.Release|x64.ActiveCfg = Release|Any CPU
		{4C6DD33C-67F5-49E2-88B3-50DD1FA13364}.Release|x64.Build.0 = Release|Any CPU
		{4C6DD33C-67F5-49E2-88B3-50DD1FA13364}.Release|x86.ActiveCfg = Release|Any CPU
		{4C6DD33C-67F5-49E2-88B3-50DD1FA13364}.Release|x86.Build.0 = Release|Any CPU
	EndGlobalSection
	GlobalSection(SolutionProperties) = preSolution
		HideSolutionNode = FALSE
	EndGlobalSection
	GlobalSection(NestedProjects) = preSolution
		{9B8A52B7-DE9F-43F2-839F-5EDF29C73449} = {03979C3C-491C-4BD4-9742-46A02204CB31}
		{9E82074A-F9E5-4AF0-950E-E4B05A7E7110} = {9B8A52B7-DE9F-43F2-839F-5EDF29C73449}
		{7DD63B72-77BB-4FC4-B68E-4045EE7BD73C} = {547B2BB0-AEC6-42EB-A248-4D8D7369956A}
		{14E60303-29D7-41DF-BCA7-EC6DE5D0550D} = {547B2BB0-AEC6-42EB-A248-4D8D7369956A}
		{96FE51F8-0CAA-4065-8A1A-F0854253EF30} = {547B2BB0-AEC6-42EB-A248-4D8D7369956A}
		{97CE1037-CAA6-34E4-AE5D-A2F2270CDE42} = {03979C3C-491C-4BD4-9742-46A02204CB31}
		{84FFB7CC-B24B-4ED0-82B3-87F687401FC8} = {97CE1037-CAA6-34E4-AE5D-A2F2270CDE42}
		{7327FA22-9C50-4497-9093-477E9691E793} = {03979C3C-491C-4BD4-9742-46A02204CB31}
		{6983FDCD-BF1C-4F38-A062-CDFCA74E0C8B} = {7327FA22-9C50-4497-9093-477E9691E793}
		{BEB6673A-E744-466A-AB15-7181959B5019} = {03979C3C-491C-4BD4-9742-46A02204CB31}
		{20317C86-3FB7-4561-B4AD-D8D52C809D84} = {BEB6673A-E744-466A-AB15-7181959B5019}
		{F70B5A72-B9B4-49D5-9F6B-839BB2F5ACEE} = {BEB6673A-E744-466A-AB15-7181959B5019}
		{4777BD7F-7575-4679-A15E-1206DE8C6F37} = {BEB6673A-E744-466A-AB15-7181959B5019}
		{0BE7DBAD-399A-4D61-911B-D8B3F325CE00} = {BEB6673A-E744-466A-AB15-7181959B5019}
		{DACAC687-2B97-4BBF-A20F-4E33F8614380} = {547B2BB0-AEC6-42EB-A248-4D8D7369956A}
		{4C6DD33C-67F5-49E2-88B3-50DD1FA13364} = {25D181DD-5CC9-F0B3-C64F-91E1AA77FD70}
	EndGlobalSection
EndGlobal
